
Microsoft Visual Studio Solution File, Format Version 12.00
# Visual Studio Version 17
VisualStudioVersion = 17.3.32929.385
MinimumVisualStudioVersion = 10.0.40219.1
Project("{FAE04EC0-301F-11D3-BF4B-00C04F79EFBC}") = "DibujoAplicacion", "DibujoAplicacion\DibujoAplicacion.csproj", "{353AE931-AC3F-4998-B85F-861DB41492BF}"
EndProject
Global
	GlobalSection(SolutionConfigurationPlatforms) = preSolution
		Debug|Any CPU = Debug|Any CPU
		Release|Any CPU = Release|Any CPU
	EndGlobalSection
	GlobalSection(ProjectConfigurationPlatforms) = postSolution
		{353AE931-AC3F-4998-B85F-861DB41492BF}.Debug|Any CPU.ActiveCfg = Debug|Any CPU
		{353AE931-AC3F-4998-B85F-861DB41492BF}.Debug|Any CPU.Build.0 = Debug|Any CPU
		{353AE931-AC3F-4998-B85F-861DB41492BF}.Release|Any CPU.ActiveCfg = Release|Any CPU
		{353AE931-AC3F-4998-B85F-861DB41492BF}.Release|Any CPU.Build.0 = Release|Any CPU
	EndGlobalSection
	GlobalSection(SolutionProperties) = preSolution
		HideSolutionNode = FALSE
	EndGlobalSection
	GlobalSection(ExtensibilityGlobals) = postSolution
		SolutionGuid = {D4F0D8CB-A8EC-4E79-B5A1-DC51BB816380}
	EndGlobalSection
EndGlobal
